// !$*UTF8*$!
{
	archiveVersion = 1;
	classes = {
	};
	objectVersion = 46;
	objects = {

/* Begin PBXBuildFile section */
		6E12AD061BC9AED7000DBCE1 /* ComposeViewController.swift in Sources */ = {isa = PBXBuildFile; fileRef = 6E12AD051BC9AED7000DBCE1 /* ComposeViewController.swift */; settings = {ASSET_TAGS = (); }; };
		6E648EB81BC883C2002EBF0C /* TrendingViewController.swift in Sources */ = {isa = PBXBuildFile; fileRef = 6E648EB71BC883C2002EBF0C /* TrendingViewController.swift */; settings = {ASSET_TAGS = (); }; };
		6E89DFD61BC8731B00DD1500 /* AppDelegate.swift in Sources */ = {isa = PBXBuildFile; fileRef = 6E89DFD51BC8731B00DD1500 /* AppDelegate.swift */; };
		6E89DFD81BC8731B00DD1500 /* ViewController.swift in Sources */ = {isa = PBXBuildFile; fileRef = 6E89DFD71BC8731B00DD1500 /* ViewController.swift */; };
		6E89DFDB1BC8731B00DD1500 /* Main.storyboard in Resources */ = {isa = PBXBuildFile; fileRef = 6E89DFD91BC8731B00DD1500 /* Main.storyboard */; };
		6E89DFDD1BC8731B00DD1500 /* Assets.xcassets in Resources */ = {isa = PBXBuildFile; fileRef = 6E89DFDC1BC8731B00DD1500 /* Assets.xcassets */; };
		6E89DFE01BC8731B00DD1500 /* LaunchScreen.storyboard in Resources */ = {isa = PBXBuildFile; fileRef = 6E89DFDE1BC8731B00DD1500 /* LaunchScreen.storyboard */; };
		6E89DFEB1BC8731B00DD1500 /* Week_4_Tumblr_Advanced_NavigationTests.swift in Sources */ = {isa = PBXBuildFile; fileRef = 6E89DFEA1BC8731B00DD1500 /* Week_4_Tumblr_Advanced_NavigationTests.swift */; };
		6E89DFF61BC8731B00DD1500 /* Week_4_Tumblr_Advanced_NavigationUITests.swift in Sources */ = {isa = PBXBuildFile; fileRef = 6E89DFF51BC8731B00DD1500 /* Week_4_Tumblr_Advanced_NavigationUITests.swift */; };
		6E89E0041BC8763B00DD1500 /* TabBarViewController.swift in Sources */ = {isa = PBXBuildFile; fileRef = 6E89E0031BC8763B00DD1500 /* TabBarViewController.swift */; settings = {ASSET_TAGS = (); }; };
		6E97E2831BC9B8B400ADCAB1 /* HomeViewController.swift in Sources */ = {isa = PBXBuildFile; fileRef = 6E97E2821BC9B8B400ADCAB1 /* HomeViewController.swift */; settings = {ASSET_TAGS = (); }; };
		6E97E2851BC9B8DA00ADCAB1 /* SearchViewController.swift in Sources */ = {isa = PBXBuildFile; fileRef = 6E97E2841BC9B8DA00ADCAB1 /* SearchViewController.swift */; settings = {ASSET_TAGS = (); }; };
		6E97E2871BC9B93B00ADCAB1 /* AccountViewController.swift in Sources */ = {isa = PBXBuildFile; fileRef = 6E97E2861BC9B93B00ADCAB1 /* AccountViewController.swift */; settings = {ASSET_TAGS = (); }; };
		6E9E156E1BC9C43300AF3A7B /* LogInViewController.swift in Sources */ = {isa = PBXBuildFile; fileRef = 6E9E156D1BC9C43300AF3A7B /* LogInViewController.swift */; settings = {ASSET_TAGS = (); }; };
/* End PBXBuildFile section */

/* Begin PBXContainerItemProxy section */
		6E89DFE71BC8731B00DD1500 /* PBXContainerItemProxy */ = {
			isa = PBXContainerItemProxy;
			containerPortal = 6E89DFCA1BC8731B00DD1500 /* Project object */;
			proxyType = 1;
			remoteGlobalIDString = 6E89DFD11BC8731B00DD1500;
			remoteInfo = "Week 4 Tumblr Advanced Navigation";
		};
		6E89DFF21BC8731B00DD1500 /* PBXContainerItemProxy */ = {
			isa = PBXContainerItemProxy;
			containerPortal = 6E89DFCA1BC8731B00DD1500 /* Project object */;
			proxyType = 1;
			remoteGlobalIDString = 6E89DFD11BC8731B00DD1500;
			remoteInfo = "Week 4 Tumblr Advanced Navigation";
		};
/* End PBXContainerItemProxy section */

/* Begin PBXFileReference section */
		6E12AD051BC9AED7000DBCE1 /* ComposeViewController.swift */ = {isa = PBXFileReference; fileEncoding = 4; lastKnownFileType = sourcecode.swift; path = ComposeViewController.swift; sourceTree = "<group>"; };
		6E648EB71BC883C2002EBF0C /* TrendingViewController.swift */ = {isa = PBXFileReference; fileEncoding = 4; lastKnownFileType = sourcecode.swift; path = TrendingViewController.swift; sourceTree = "<group>"; };
		6E89DFD21BC8731B00DD1500 /* Week 4 Tumblr Advanced Navigation.app */ = {isa = PBXFileReference; explicitFileType = wrapper.application; includeInIndex = 0; path = "Week 4 Tumblr Advanced Navigation.app"; sourceTree = BUILT_PRODUCTS_DIR; };
		6E89DFD51BC8731B00DD1500 /* AppDelegate.swift */ = {isa = PBXFileReference; lastKnownFileType = sourcecode.swift; path = AppDelegate.swift; sourceTree = "<group>"; };
		6E89DFD71BC8731B00DD1500 /* ViewController.swift */ = {isa = PBXFileReference; lastKnownFileType = sourcecode.swift; path = ViewController.swift; sourceTree = "<group>"; };
		6E89DFDA1BC8731B00DD1500 /* Base */ = {isa = PBXFileReference; lastKnownFileType = file.storyboard; name = Base; path = Base.lproj/Main.storyboard; sourceTree = "<group>"; };
		6E89DFDC1BC8731B00DD1500 /* Assets.xcassets */ = {isa = PBXFileReference; lastKnownFileType = folder.assetcatalog; path = Assets.xcassets; sourceTree = "<group>"; };
		6E89DFDF1BC8731B00DD1500 /* Base */ = {isa = PBXFileReference; lastKnownFileType = file.storyboard; name = Base; path = Base.lproj/LaunchScreen.storyboard; sourceTree = "<group>"; };
		6E89DFE11BC8731B00DD1500 /* Info.plist */ = {isa = PBXFileReference; lastKnownFileType = text.plist.xml; path = Info.plist; sourceTree = "<group>"; };
		6E89DFE61BC8731B00DD1500 /* Week 4 Tumblr Advanced NavigationTests.xctest */ = {isa = PBXFileReference; explicitFileType = wrapper.cfbundle; includeInIndex = 0; path = "Week 4 Tumblr Advanced NavigationTests.xctest"; sourceTree = BUILT_PRODUCTS_DIR; };
		6E89DFEA1BC8731B00DD1500 /* Week_4_Tumblr_Advanced_NavigationTests.swift */ = {isa = PBXFileReference; lastKnownFileType = sourcecode.swift; path = Week_4_Tumblr_Advanced_NavigationTests.swift; sourceTree = "<group>"; };
		6E89DFEC1BC8731B00DD1500 /* Info.plist */ = {isa = PBXFileReference; lastKnownFileType = text.plist.xml; path = Info.plist; sourceTree = "<group>"; };
		6E89DFF11BC8731B00DD1500 /* Week 4 Tumblr Advanced NavigationUITests.xctest */ = {isa = PBXFileReference; explicitFileType = wrapper.cfbundle; includeInIndex = 0; path = "Week 4 Tumblr Advanced NavigationUITests.xctest"; sourceTree = BUILT_PRODUCTS_DIR; };
		6E89DFF51BC8731B00DD1500 /* Week_4_Tumblr_Advanced_NavigationUITests.swift */ = {isa = PBXFileReference; lastKnownFileType = sourcecode.swift; path = Week_4_Tumblr_Advanced_NavigationUITests.swift; sourceTree = "<group>"; };
		6E89DFF71BC8731B00DD1500 /* Info.plist */ = {isa = PBXFileReference; lastKnownFileType = text.plist.xml; path = Info.plist; sourceTree = "<group>"; };
		6E89E0031BC8763B00DD1500 /* TabBarViewController.swift */ = {isa = PBXFileReference; fileEncoding = 4; lastKnownFileType = sourcecode.swift; path = TabBarViewController.swift; sourceTree = "<group>"; };
		6E97E2821BC9B8B400ADCAB1 /* HomeViewController.swift */ = {isa = PBXFileReference; fileEncoding = 4; lastKnownFileType = sourcecode.swift; path = HomeViewController.swift; sourceTree = "<group>"; };
		6E97E2841BC9B8DA00ADCAB1 /* SearchViewController.swift */ = {isa = PBXFileReference; fileEncoding = 4; lastKnownFileType = sourcecode.swift; path = SearchViewController.swift; sourceTree = "<group>"; };
		6E97E2861BC9B93B00ADCAB1 /* AccountViewController.swift */ = {isa = PBXFileReference; fileEncoding = 4; lastKnownFileType = sourcecode.swift; path = AccountViewController.swift; sourceTree = "<group>"; };
		6E9E156D1BC9C43300AF3A7B /* LogInViewController.swift */ = {isa = PBXFileReference; fileEncoding = 4; lastKnownFileType = sourcecode.swift; path = LogInViewController.swift; sourceTree = "<group>"; };
/* End PBXFileReference section */

/* Begin PBXFrameworksBuildPhase section */
		6E89DFCF1BC8731B00DD1500 /* Frameworks */ = {
			isa = PBXFrameworksBuildPhase;
			buildActionMask = 2147483647;
			files = (
			);
			runOnlyForDeploymentPostprocessing = 0;
		};
		6E89DFE31BC8731B00DD1500 /* Frameworks */ = {
			isa = PBXFrameworksBuildPhase;
			buildActionMask = 2147483647;
			files = (
			);
			runOnlyForDeploymentPostprocessing = 0;
		};
		6E89DFEE1BC8731B00DD1500 /* Frameworks */ = {
			isa = PBXFrameworksBuildPhase;
			buildActionMask = 2147483647;
			files = (
			);
			runOnlyForDeploymentPostprocessing = 0;
		};
/* End PBXFrameworksBuildPhase section */

/* Begin PBXGroup section */
		6E89DFC91BC8731B00DD1500 = {
			isa = PBXGroup;
			children = (
				6E89DFD41BC8731B00DD1500 /* Week 4 Tumblr Advanced Navigation */,
				6E89DFE91BC8731B00DD1500 /* Week 4 Tumblr Advanced NavigationTests */,
				6E89DFF41BC8731B00DD1500 /* Week 4 Tumblr Advanced NavigationUITests */,
				6E89DFD31BC8731B00DD1500 /* Products */,
			);
			sourceTree = "<group>";
		};
		6E89DFD31BC8731B00DD1500 /* Products */ = {
			isa = PBXGroup;
			children = (
				6E89DFD21BC8731B00DD1500 /* Week 4 Tumblr Advanced Navigation.app */,
				6E89DFE61BC8731B00DD1500 /* Week 4 Tumblr Advanced NavigationTests.xctest */,
				6E89DFF11BC8731B00DD1500 /* Week 4 Tumblr Advanced NavigationUITests.xctest */,
			);
			name = Products;
			sourceTree = "<group>";
		};
		6E89DFD41BC8731B00DD1500 /* Week 4 Tumblr Advanced Navigation */ = {
			isa = PBXGroup;
			children = (
				6E89DFD51BC8731B00DD1500 /* AppDelegate.swift */,
				6E89DFD71BC8731B00DD1500 /* ViewController.swift */,
				6E89DFD91BC8731B00DD1500 /* Main.storyboard */,
				6E9E156D1BC9C43300AF3A7B /* LogInViewController.swift */,
				6E97E2861BC9B93B00ADCAB1 /* AccountViewController.swift */,
				6E97E2841BC9B8DA00ADCAB1 /* SearchViewController.swift */,
				6E97E2821BC9B8B400ADCAB1 /* HomeViewController.swift */,
				6E12AD051BC9AED7000DBCE1 /* ComposeViewController.swift */,
				6E648EB71BC883C2002EBF0C /* TrendingViewController.swift */,
				6E89E0031BC8763B00DD1500 /* TabBarViewController.swift */,
				6E89DFDC1BC8731B00DD1500 /* Assets.xcassets */,
				6E89DFDE1BC8731B00DD1500 /* LaunchScreen.storyboard */,
				6E89DFE11BC8731B00DD1500 /* Info.plist */,
			);
			path = "Week 4 Tumblr Advanced Navigation";
			sourceTree = "<group>";
		};
		6E89DFE91BC8731B00DD1500 /* Week 4 Tumblr Advanced NavigationTests */ = {
			isa = PBXGroup;
			children = (
				6E89DFEA1BC8731B00DD1500 /* Week_4_Tumblr_Advanced_NavigationTests.swift */,
				6E89DFEC1BC8731B00DD1500 /* Info.plist */,
			);
			path = "Week 4 Tumblr Advanced NavigationTests";
			sourceTree = "<group>";
		};
		6E89DFF41BC8731B00DD1500 /* Week 4 Tumblr Advanced NavigationUITests */ = {
			isa = PBXGroup;
			children = (
				6E89DFF51BC8731B00DD1500 /* Week_4_Tumblr_Advanced_NavigationUITests.swift */,
				6E89DFF71BC8731B00DD1500 /* Info.plist */,
			);
			path = "Week 4 Tumblr Advanced NavigationUITests";
			sourceTree = "<group>";
		};
/* End PBXGroup section */

/* Begin PBXNativeTarget section */
		6E89DFD11BC8731B00DD1500 /* Week 4 Tumblr Advanced Navigation */ = {
			isa = PBXNativeTarget;
			buildConfigurationList = 6E89DFFA1BC8731B00DD1500 /* Build configuration list for PBXNativeTarget "Week 4 Tumblr Advanced Navigation" */;
			buildPhases = (
				6E89DFCE1BC8731B00DD1500 /* Sources */,
				6E89DFCF1BC8731B00DD1500 /* Frameworks */,
				6E89DFD01BC8731B00DD1500 /* Resources */,
			);
			buildRules = (
			);
			dependencies = (
			);
			name = "Week 4 Tumblr Advanced Navigation";
			productName = "Week 4 Tumblr Advanced Navigation";
			productReference = 6E89DFD21BC8731B00DD1500 /* Week 4 Tumblr Advanced Navigation.app */;
			productType = "com.apple.product-type.application";
		};
		6E89DFE51BC8731B00DD1500 /* Week 4 Tumblr Advanced NavigationTests */ = {
			isa = PBXNativeTarget;
			buildConfigurationList = 6E89DFFD1BC8731B00DD1500 /* Build configuration list for PBXNativeTarget "Week 4 Tumblr Advanced NavigationTests" */;
			buildPhases = (
				6E89DFE21BC8731B00DD1500 /* Sources */,
				6E89DFE31BC8731B00DD1500 /* Frameworks */,
				6E89DFE41BC8731B00DD1500 /* Resources */,
			);
			buildRules = (
			);
			dependencies = (
				6E89DFE81BC8731B00DD1500 /* PBXTargetDependency */,
			);
			name = "Week 4 Tumblr Advanced NavigationTests";
			productName = "Week 4 Tumblr Advanced NavigationTests";
			productReference = 6E89DFE61BC8731B00DD1500 /* Week 4 Tumblr Advanced NavigationTests.xctest */;
			productType = "com.apple.product-type.bundle.unit-test";
		};
		6E89DFF01BC8731B00DD1500 /* Week 4 Tumblr Advanced NavigationUITests */ = {
			isa = PBXNativeTarget;
			buildConfigurationList = 6E89E0001BC8731B00DD1500 /* Build configuration list for PBXNativeTarget "Week 4 Tumblr Advanced NavigationUITests" */;
			buildPhases = (
				6E89DFED1BC8731B00DD1500 /* Sources */,
				6E89DFEE1BC8731B00DD1500 /* Frameworks */,
				6E89DFEF1BC8731B00DD1500 /* Resources */,
			);
			buildRules = (
			);
			dependencies = (
				6E89DFF31BC8731B00DD1500 /* PBXTargetDependency */,
			);
			name = "Week 4 Tumblr Advanced NavigationUITests";
			productName = "Week 4 Tumblr Advanced NavigationUITests";
			productReference = 6E89DFF11BC8731B00DD1500 /* Week 4 Tumblr Advanced NavigationUITests.xctest */;
			productType = "com.apple.product-type.bundle.ui-testing";
		};
/* End PBXNativeTarget section */

/* Begin PBXProject section */
		6E89DFCA1BC8731B00DD1500 /* Project object */ = {
			isa = PBXProject;
			attributes = {
				LastUpgradeCheck = 0700;
				ORGANIZATIONNAME = "Prime, Heather";
				TargetAttributes = {
					6E89DFD11BC8731B00DD1500 = {
						CreatedOnToolsVersion = 7.0;
					};
					6E89DFE51BC8731B00DD1500 = {
						CreatedOnToolsVersion = 7.0;
						TestTargetID = 6E89DFD11BC8731B00DD1500;
					};
					6E89DFF01BC8731B00DD1500 = {
						CreatedOnToolsVersion = 7.0;
						TestTargetID = 6E89DFD11BC8731B00DD1500;
					};
				};
			};
			buildConfigurationList = 6E89DFCD1BC8731B00DD1500 /* Build configuration list for PBXProject "Week 4 Tumblr Advanced Navigation" */;
			compatibilityVersion = "Xcode 3.2";
			developmentRegion = English;
			hasScannedForEncodings = 0;
			knownRegions = (
				en,
				Base,
			);
			mainGroup = 6E89DFC91BC8731B00DD1500;
			productRefGroup = 6E89DFD31BC8731B00DD1500 /* Products */;
			projectDirPath = "";
			projectRoot = "";
			targets = (
				6E89DFD11BC8731B00DD1500 /* Week 4 Tumblr Advanced Navigation */,
				6E89DFE51BC8731B00DD1500 /* Week 4 Tumblr Advanced NavigationTests */,
				6E89DFF01BC8731B00DD1500 /* Week 4 Tumblr Advanced NavigationUITests */,
			);
		};
/* End PBXProject section */

/* Begin PBXResourcesBuildPhase section */
		6E89DFD01BC8731B00DD1500 /* Resources */ = {
			isa = PBXResourcesBuildPhase;
			buildActionMask = 2147483647;
			files = (
				6E89DFE01BC8731B00DD1500 /* LaunchScreen.storyboard in Resources */,
				6E89DFDD1BC8731B00DD1500 /* Assets.xcassets in Resources */,
				6E89DFDB1BC8731B00DD1500 /* Main.storyboard in Resources */,
			);
			runOnlyForDeploymentPostprocessing = 0;
		};
		6E89DFE41BC8731B00DD1500 /* Resources */ = {
			isa = PBXResourcesBuildPhase;
			buildActionMask = 2147483647;
			files = (
			);
			runOnlyForDeploymentPostprocessing = 0;
		};
		6E89DFEF1BC8731B00DD1500 /* Resources */ = {
			isa = PBXResourcesBuildPhase;
			buildActionMask = 2147483647;
			files = (
			);
			runOnlyForDeploymentPostprocessing = 0;
		};
/* End PBXResourcesBuildPhase section */

/* Begin PBXSourcesBuildPhase section */
		6E89DFCE1BC8731B00DD1500 /* Sources */ = {
			isa = PBXSourcesBuildPhase;
			buildActionMask = 2147483647;
			files = (
				6E12AD061BC9AED7000DBCE1 /* ComposeViewController.swift in Sources */,
				6E97E2851BC9B8DA00ADCAB1 /* SearchViewController.swift in Sources */,
				6E9E156E1BC9C43300AF3A7B /* LogInViewController.swift in Sources */,
				6E97E2871BC9B93B00ADCAB1 /* AccountViewController.swift in Sources */,
				6E89DFD81BC8731B00DD1500 /* ViewController.swift in Sources */,
				6E648EB81BC883C2002EBF0C /* TrendingViewController.swift in Sources */,
				6E89E0041BC8763B00DD1500 /* TabBarViewController.swift in Sources */,
				6E89DFD61BC8731B00DD1500 /* AppDelegate.swift in Sources */,
				6E97E2831BC9B8B400ADCAB1 /* HomeViewController.swift in Sources */,
			);
			runOnlyForDeploymentPostprocessing = 0;
		};
		6E89DFE21BC8731B00DD1500 /* Sources */ = {
			isa = PBXSourcesBuildPhase;
			buildActionMask = 2147483647;
			files = (
				6E89DFEB1BC8731B00DD1500 /* Week_4_Tumblr_Advanced_NavigationTests.swift in Sources */,
			);
			runOnlyForDeploymentPostprocessing = 0;
		};
		6E89DFED1BC8731B00DD1500 /* Sources */ = {
			isa = PBXSourcesBuildPhase;
			buildActionMask = 2147483647;
			files = (
				6E89DFF61BC8731B00DD1500 /* Week_4_Tumblr_Advanced_NavigationUITests.swift in Sources */,
			);
			runOnlyForDeploymentPostprocessing = 0;
		};
/* End PBXSourcesBuildPhase section */

/* Begin PBXTargetDependency section */
		6E89DFE81BC8731B00DD1500 /* PBXTargetDependency */ = {
			isa = PBXTargetDependency;
			target = 6E89DFD11BC8731B00DD1500 /* Week 4 Tumblr Advanced Navigation */;
			targetProxy = 6E89DFE71BC8731B00DD1500 /* PBXContainerItemProxy */;
		};
		6E89DFF31BC8731B00DD1500 /* PBXTargetDependency */ = {
			isa = PBXTargetDependency;
			target = 6E89DFD11BC8731B00DD1500 /* Week 4 Tumblr Advanced Navigation */;
			targetProxy = 6E89DFF21BC8731B00DD1500 /* PBXContainerItemProxy */;
		};
/* End PBXTargetDependency section */

/* Begin PBXVariantGroup section */
		6E89DFD91BC8731B00DD1500 /* Main.storyboard */ = {
			isa = PBXVariantGroup;
			children = (
				6E89DFDA1BC8731B00DD1500 /* Base */,
			);
			name = Main.storyboard;
			sourceTree = "<group>";
		};
		6E89DFDE1BC8731B00DD1500 /* LaunchScreen.storyboard */ = {
			isa = PBXVariantGroup;
			children = (
				6E89DFDF1BC8731B00DD1500 /* Base */,
			);
			name = LaunchScreen.storyboard;
			sourceTree = "<group>";
		};
/* End PBXVariantGroup section */

/* Begin XCBuildConfiguration section */
		6E89DFF81BC8731B00DD1500 /* Debug */ = {
			isa = XCBuildConfiguration;
			buildSettings = {
				ALWAYS_SEARCH_USER_PATHS = NO;
				CLANG_CXX_LANGUAGE_STANDARD = "gnu++0x";
				CLANG_CXX_LIBRARY = "libc++";
				CLANG_ENABLE_MODULES = YES;
				CLANG_ENABLE_OBJC_ARC = YES;
				CLANG_WARN_BOOL_CONVERSION = YES;
				CLANG_WARN_CONSTANT_CONVERSION = YES;
				CLANG_WARN_DIRECT_OBJC_ISA_USAGE = YES_ERROR;
				CLANG_WARN_EMPTY_BODY = YES;
				CLANG_WARN_ENUM_CONVERSION = YES;
				CLANG_WARN_INT_CONVERSION = YES;
				CLANG_WARN_OBJC_ROOT_CLASS = YES_ERROR;
				CLANG_WARN_UNREACHABLE_CODE = YES;
				CLANG_WARN__DUPLICATE_METHOD_MATCH = YES;
				"CODE_SIGN_IDENTITY[sdk=iphoneos*]" = "iPhone Developer";
				COPY_PHASE_STRIP = NO;
				DEBUG_INFORMATION_FORMAT = dwarf;
				ENABLE_STRICT_OBJC_MSGSEND = YES;
				ENABLE_TESTABILITY = YES;
				GCC_C_LANGUAGE_STANDARD = gnu99;
				GCC_DYNAMIC_NO_PIC = NO;
				GCC_NO_COMMON_BLOCKS = YES;
				GCC_OPTIMIZATION_LEVEL = 0;
				GCC_PREPROCESSOR_DEFINITIONS = (
					"DEBUG=1",
					"$(inherited)",
				);
				GCC_WARN_64_TO_32_BIT_CONVERSION = YES;
				GCC_WARN_ABOUT_RETURN_TYPE = YES_ERROR;
				GCC_WARN_UNDECLARED_SELECTOR = YES;
				GCC_WARN_UNINITIALIZED_AUTOS = YES_AGGRESSIVE;
				GCC_WARN_UNUSED_FUNCTION = YES;
				GCC_WARN_UNUSED_VARIABLE = YES;
				IPHONEOS_DEPLOYMENT_TARGET = 9.0;
				MTL_ENABLE_DEBUG_INFO = YES;
				ONLY_ACTIVE_ARCH = YES;
				SDKROOT = iphoneos;
				SWIFT_OPTIMIZATION_LEVEL = "-Onone";
			};
			name = Debug;
		};
		6E89DFF91BC8731B00DD1500 /* Release */ = {
			isa = XCBuildConfiguration;
			buildSettings = {
				ALWAYS_SEARCH_USER_PATHS = NO;
				CLANG_CXX_LANGUAGE_STANDARD = "gnu++0x";
				CLANG_CXX_LIBRARY = "libc++";
				CLANG_ENABLE_MODULES = YES;
				CLANG_ENABLE_OBJC_ARC = YES;
				CLANG_WARN_BOOL_CONVERSION = YES;
				CLANG_WARN_CONSTANT_CONVERSION = YES;
				CLANG_WARN_DIRECT_OBJC_ISA_USAGE = YES_ERROR;
				CLANG_WARN_EMPTY_BODY = YES;
				CLANG_WARN_ENUM_CONVERSION = YES;
				CLANG_WARN_INT_CONVERSION = YES;
				CLANG_WARN_OBJC_ROOT_CLASS = YES_ERROR;
				CLANG_WARN_UNREACHABLE_CODE = YES;
				CLANG_WARN__DUPLICATE_METHOD_MATCH = YES;
				"CODE_SIGN_IDENTITY[sdk=iphoneos*]" = "iPhone Developer";
				COPY_PHASE_STRIP = NO;
				DEBUG_INFORMATION_FORMAT = "dwarf-with-dsym";
				ENABLE_NS_ASSERTIONS = NO;
				ENABLE_STRICT_OBJC_MSGSEND = YES;
				GCC_C_LANGUAGE_STANDARD = gnu99;
				GCC_NO_COMMON_BLOCKS = YES;
				GCC_WARN_64_TO_32_BIT_CONVERSION = YES;
				GCC_WARN_ABOUT_RETURN_TYPE = YES_ERROR;
				GCC_WARN_UNDECLARED_SELECTOR = YES;
				GCC_WARN_UNINITIALIZED_AUTOS = YES_AGGRESSIVE;
				GCC_WARN_UNUSED_FUNCTION = YES;
				GCC_WARN_UNUSED_VARIABLE = YES;
				IPHONEOS_DEPLOYMENT_TARGET = 9.0;
				MTL_ENABLE_DEBUG_INFO = NO;
				SDKROOT = iphoneos;
				VALIDATE_PRODUCT = YES;
			};
			name = Release;
		};
		6E89DFFB1BC8731B00DD1500 /* Debug */ = {
			isa = XCBuildConfiguration;
			buildSettings = {
				ASSETCATALOG_COMPILER_APPICON_NAME = AppIcon;
				INFOPLIST_FILE = "Week 4 Tumblr Advanced Navigation/Info.plist";
				LD_RUNPATH_SEARCH_PATHS = "$(inherited) @executable_path/Frameworks";
				PRODUCT_BUNDLE_IDENTIFIER = "com.heather.tips.Week-4-Tumblr-Advanced-Navigation";
				PRODUCT_NAME = "$(TARGET_NAME)";
			};
			name = Debug;
		};
		6E89DFFC1BC8731B00DD1500 /* Release */ = {
			isa = XCBuildConfiguration;
			buildSettings = {
				ASSETCATALOG_COMPILER_APPICON_NAME = AppIcon;
				INFOPLIST_FILE = "Week 4 Tumblr Advanced Navigation/Info.plist";
				LD_RUNPATH_SEARCH_PATHS = "$(inherited) @executable_path/Frameworks";
				PRODUCT_BUNDLE_IDENTIFIER = "com.heather.tips.Week-4-Tumblr-Advanced-Navigation";
				PRODUCT_NAME = "$(TARGET_NAME)";
			};
			name = Release;
		};
		6E89DFFE1BC8731B00DD1500 /* Debug */ = {
			isa = XCBuildConfiguration;
			buildSettings = {
				BUNDLE_LOADER = "$(TEST_HOST)";
				INFOPLIST_FILE = "Week 4 Tumblr Advanced NavigationTests/Info.plist";
				LD_RUNPATH_SEARCH_PATHS = "$(inherited) @executable_path/Frameworks @loader_path/Frameworks";
				PRODUCT_BUNDLE_IDENTIFIER = "com.heather.tips.Week-4-Tumblr-Advanced-NavigationTests";
				PRODUCT_NAME = "$(TARGET_NAME)";
				TEST_HOST = "$(BUILT_PRODUCTS_DIR)/Week 4 Tumblr Advanced Navigation.app/Week 4 Tumblr Advanced Navigation";
			};
			name = Debug;
		};
		6E89DFFF1BC8731B00DD1500 /* Release */ = {
			isa = XCBuildConfiguration;
			buildSettings = {
				BUNDLE_LOADER = "$(TEST_HOST)";
				INFOPLIST_FILE = "Week 4 Tumblr Advanced NavigationTests/Info.plist";
				LD_RUNPATH_SEARCH_PATHS = "$(inherited) @executable_path/Frameworks @loader_path/Frameworks";
				PRODUCT_BUNDLE_IDENTIFIER = "com.heather.tips.Week-4-Tumblr-Advanced-NavigationTests";
				PRODUCT_NAME = "$(TARGET_NAME)";
				TEST_HOST = "$(BUILT_PRODUCTS_DIR)/Week 4 Tumblr Advanced Navigation.app/Week 4 Tumblr Advanced Navigation";
			};
			name = Release;
		};
		6E89E0011BC8731B00DD1500 /* Debug */ = {
			isa = XCBuildConfiguration;
			buildSettings = {
				INFOPLIST_FILE = "Week 4 Tumblr Advanced NavigationUITests/Info.plist";
				LD_RUNPATH_SEARCH_PATHS = "$(inherited) @executable_path/Frameworks @loader_path/Frameworks";
				PRODUCT_BUNDLE_IDENTIFIER = "com.heather.tips.Week-4-Tumblr-Advanced-NavigationUITests";
				PRODUCT_NAME = "$(TARGET_NAME)";
				TEST_TARGET_NAME = "Week 4 Tumblr Advanced Navigation";
				USES_XCTRUNNER = YES;
			};
			name = Debug;
		};
		6E89E0021BC8731B00DD1500 /* Release */ = {
			isa = XCBuildConfiguration;
			buildSettings = {
				INFOPLIST_FILE = "Week 4 Tumblr Advanced NavigationUITests/Info.plist";
				LD_RUNPATH_SEARCH_PATHS = "$(inherited) @executable_path/Frameworks @loader_path/Frameworks";
				PRODUCT_BUNDLE_IDENTIFIER = "com.heather.tips.Week-4-Tumblr-Advanced-NavigationUITests";
				PRODUCT_NAME = "$(TARGET_NAME)";
				TEST_TARGET_NAME = "Week 4 Tumblr Advanced Navigation";
				USES_XCTRUNNER = YES;
			};
			name = Release;
		};
/* End XCBuildConfiguration section */

/* Begin XCConfigurationList section */
		6E89DFCD1BC8731B00DD1500 /* Build configuration list for PBXProject "Week 4 Tumblr Advanced Navigation" */ = {
			isa = XCConfigurationList;
			buildConfigurations = (
				6E89DFF81BC8731B00DD1500 /* Debug */,
				6E89DFF91BC8731B00DD1500 /* Release */,
			);
			defaultConfigurationIsVisible = 0;
			defaultConfigurationName = Release;
		};
		6E89DFFA1BC8731B00DD1500 /* Build configuration list for PBXNativeTarget "Week 4 Tumblr Advanced Navigation" */ = {
			isa = XCConfigurationList;
			buildConfigurations = (
				6E89DFFB1BC8731B00DD1500 /* Debug */,
				6E89DFFC1BC8731B00DD1500 /* Release */,
			);
			defaultConfigurationIsVisible = 0;
			defaultConfigurationName = Release;
		};
		6E89DFFD1BC8731B00DD1500 /* Build configuration list for PBXNativeTarget "Week 4 Tumblr Advanced NavigationTests" */ = {
			isa = XCConfigurationList;
			buildConfigurations = (
				6E89DFFE1BC8731B00DD1500 /* Debug */,
				6E89DFFF1BC8731B00DD1500 /* Release */,
			);
			defaultConfigurationIsVisible = 0;
			defaultConfigurationName = Release;
		};
		6E89E0001BC8731B00DD1500 /* Build configuration list for PBXNativeTarget "Week 4 Tumblr Advanced NavigationUITests" */ = {
			isa = XCConfigurationList;
			buildConfigurations = (
				6E89E0011BC8731B00DD1500 /* Debug */,
				6E89E0021BC8731B00DD1500 /* Release */,
			);
			defaultConfigurationIsVisible = 0;
			defaultConfigurationName = Release;
		};
/* End XCConfigurationList section */
	};
	rootObject = 6E89DFCA1BC8731B00DD1500 /* Project object */;
}
